// !$*UTF8*$!
{
	archiveVersion = 1;
	classes = {
	};
	objectVersion = 55;
	objects = {

/* Begin PBXBuildFile section */
		44415C1729BFEE8D0080BE58 /* AppDelegate.swift in Sources */ = {isa = PBXBuildFile; fileRef = 44415C1629BFEE8D0080BE58 /* AppDelegate.swift */; };
		44415C1929BFEE8D0080BE58 /* SceneDelegate.swift in Sources */ = {isa = PBXBuildFile; fileRef = 44415C1829BFEE8D0080BE58 /* SceneDelegate.swift */; };
		44415C1B29BFEE8D0080BE58 /* HomeViewController.swift in Sources */ = {isa = PBXBuildFile; fileRef = 44415C1A29BFEE8D0080BE58 /* HomeViewController.swift */; };
		44415C1E29BFEE8D0080BE58 /* Main.storyboard in Resources */ = {isa = PBXBuildFile; fileRef = 44415C1C29BFEE8D0080BE58 /* Main.storyboard */; };
		44415C2029BFEE8F0080BE58 /* Assets.xcassets in Resources */ = {isa = PBXBuildFile; fileRef = 44415C1F29BFEE8F0080BE58 /* Assets.xcassets */; };
		44415C2329BFEE8F0080BE58 /* LaunchScreen.storyboard in Resources */ = {isa = PBXBuildFile; fileRef = 44415C2129BFEE8F0080BE58 /* LaunchScreen.storyboard */; };
		44415C3029BFF0570080BE58 /* ExploreViewController.swift in Sources */ = {isa = PBXBuildFile; fileRef = 44415C2F29BFF0570080BE58 /* ExploreViewController.swift */; };
		44415C3429BFF0E80080BE58 /* CameraViewController.swift in Sources */ = {isa = PBXBuildFile; fileRef = 44415C3329BFF0E80080BE58 /* CameraViewController.swift */; };
		44415C3629BFF1170080BE58 /* NotificationViewController.swift in Sources */ = {isa = PBXBuildFile; fileRef = 44415C3529BFF1170080BE58 /* NotificationViewController.swift */; };
		44415C3829BFF13E0080BE58 /* ProfileViewController.swift in Sources */ = {isa = PBXBuildFile; fileRef = 44415C3729BFF13E0080BE58 /* ProfileViewController.swift */; };
		44415C3E29BFF1D70080BE58 /* LoginViewController.swift in Sources */ = {isa = PBXBuildFile; fileRef = 44415C3D29BFF1D70080BE58 /* LoginViewController.swift */; };
		44415C4029BFF1EC0080BE58 /* RegisterViewController.swift in Sources */ = {isa = PBXBuildFile; fileRef = 44415C3F29BFF1EC0080BE58 /* RegisterViewController.swift */; };
		44415C4229BFF2310080BE58 /* PostViewController.swift in Sources */ = {isa = PBXBuildFile; fileRef = 44415C4129BFF2310080BE58 /* PostViewController.swift */; };
		44415C4429BFF2600080BE58 /* EditProfileViewController.swift in Sources */ = {isa = PBXBuildFile; fileRef = 44415C4329BFF2600080BE58 /* EditProfileViewController.swift */; };
		44415C4629BFF26A0080BE58 /* ListViewController.swift in Sources */ = {isa = PBXBuildFile; fileRef = 44415C4529BFF26A0080BE58 /* ListViewController.swift */; };
		44415C4829BFF2870080BE58 /* SearchViewController.swift in Sources */ = {isa = PBXBuildFile; fileRef = 44415C4729BFF2870080BE58 /* SearchViewController.swift */; };
		44415C4A29BFF29A0080BE58 /* SearchResultViewController.swift in Sources */ = {isa = PBXBuildFile; fileRef = 44415C4929BFF29A0080BE58 /* SearchResultViewController.swift */; };
		44415C4C29BFF2D80080BE58 /* PostEditorViewController.swift in Sources */ = {isa = PBXBuildFile; fileRef = 44415C4B29BFF2D80080BE58 /* PostEditorViewController.swift */; };
		44415C4E29BFF2F40080BE58 /* PublishPostViewController.swift in Sources */ = {isa = PBXBuildFile; fileRef = 44415C4D29BFF2F40080BE58 /* PublishPostViewController.swift */; };
/* End PBXBuildFile section */

/* Begin PBXFileReference section */
		44415C1329BFEE8D0080BE58 /* InstagramClone.app */ = {isa = PBXFileReference; explicitFileType = wrapper.application; includeInIndex = 0; path = InstagramClone.app; sourceTree = BUILT_PRODUCTS_DIR; };
		44415C1629BFEE8D0080BE58 /* AppDelegate.swift */ = {isa = PBXFileReference; lastKnownFileType = sourcecode.swift; path = AppDelegate.swift; sourceTree = "<group>"; };
		44415C1829BFEE8D0080BE58 /* SceneDelegate.swift */ = {isa = PBXFileReference; lastKnownFileType = sourcecode.swift; path = SceneDelegate.swift; sourceTree = "<group>"; };
		44415C1A29BFEE8D0080BE58 /* HomeViewController.swift */ = {isa = PBXFileReference; lastKnownFileType = sourcecode.swift; path = HomeViewController.swift; sourceTree = "<group>"; };
		44415C1D29BFEE8D0080BE58 /* Base */ = {isa = PBXFileReference; lastKnownFileType = file.storyboard; name = Base; path = Base.lproj/Main.storyboard; sourceTree = "<group>"; };
		44415C1F29BFEE8F0080BE58 /* Assets.xcassets */ = {isa = PBXFileReference; lastKnownFileType = folder.assetcatalog; path = Assets.xcassets; sourceTree = "<group>"; };
		44415C2229BFEE8F0080BE58 /* Base */ = {isa = PBXFileReference; lastKnownFileType = file.storyboard; name = Base; path = Base.lproj/LaunchScreen.storyboard; sourceTree = "<group>"; };
		44415C2429BFEE8F0080BE58 /* Info.plist */ = {isa = PBXFileReference; lastKnownFileType = text.plist.xml; path = Info.plist; sourceTree = "<group>"; };
		44415C2F29BFF0570080BE58 /* ExploreViewController.swift */ = {isa = PBXFileReference; lastKnownFileType = sourcecode.swift; path = ExploreViewController.swift; sourceTree = "<group>"; };
		44415C3329BFF0E80080BE58 /* CameraViewController.swift */ = {isa = PBXFileReference; lastKnownFileType = sourcecode.swift; path = CameraViewController.swift; sourceTree = "<group>"; };
		44415C3529BFF1170080BE58 /* NotificationViewController.swift */ = {isa = PBXFileReference; lastKnownFileType = sourcecode.swift; path = NotificationViewController.swift; sourceTree = "<group>"; };
		44415C3729BFF13E0080BE58 /* ProfileViewController.swift */ = {isa = PBXFileReference; lastKnownFileType = sourcecode.swift; path = ProfileViewController.swift; sourceTree = "<group>"; };
		44415C3D29BFF1D70080BE58 /* LoginViewController.swift */ = {isa = PBXFileReference; lastKnownFileType = sourcecode.swift; path = LoginViewController.swift; sourceTree = "<group>"; };
		44415C3F29BFF1EC0080BE58 /* RegisterViewController.swift */ = {isa = PBXFileReference; lastKnownFileType = sourcecode.swift; path = RegisterViewController.swift; sourceTree = "<group>"; };
		44415C4129BFF2310080BE58 /* PostViewController.swift */ = {isa = PBXFileReference; lastKnownFileType = sourcecode.swift; path = PostViewController.swift; sourceTree = "<group>"; };
		44415C4329BFF2600080BE58 /* EditProfileViewController.swift */ = {isa = PBXFileReference; lastKnownFileType = sourcecode.swift; path = EditProfileViewController.swift; sourceTree = "<group>"; };
		44415C4529BFF26A0080BE58 /* ListViewController.swift */ = {isa = PBXFileReference; lastKnownFileType = sourcecode.swift; path = ListViewController.swift; sourceTree = "<group>"; };
		44415C4729BFF2870080BE58 /* SearchViewController.swift */ = {isa = PBXFileReference; lastKnownFileType = sourcecode.swift; path = SearchViewController.swift; sourceTree = "<group>"; };
		44415C4929BFF29A0080BE58 /* SearchResultViewController.swift */ = {isa = PBXFileReference; lastKnownFileType = sourcecode.swift; path = SearchResultViewController.swift; sourceTree = "<group>"; };
		44415C4B29BFF2D80080BE58 /* PostEditorViewController.swift */ = {isa = PBXFileReference; lastKnownFileType = sourcecode.swift; path = PostEditorViewController.swift; sourceTree = "<group>"; };
		44415C4D29BFF2F40080BE58 /* PublishPostViewController.swift */ = {isa = PBXFileReference; lastKnownFileType = sourcecode.swift; path = PublishPostViewController.swift; sourceTree = "<group>"; };
/* End PBXFileReference section */

/* Begin PBXFrameworksBuildPhase section */
		44415C1029BFEE8D0080BE58 /* Frameworks */ = {
			isa = PBXFrameworksBuildPhase;
			buildActionMask = 2147483647;
			files = (
			);
			runOnlyForDeploymentPostprocessing = 0;
		};
/* End PBXFrameworksBuildPhase section */

/* Begin PBXGroup section */
		44415C0A29BFEE8D0080BE58 = {
			isa = PBXGroup;
			children = (
				44415C1529BFEE8D0080BE58 /* InstagramClone */,
				44415C1429BFEE8D0080BE58 /* Products */,
			);
			sourceTree = "<group>";
		};
		44415C1429BFEE8D0080BE58 /* Products */ = {
			isa = PBXGroup;
			children = (
				44415C1329BFEE8D0080BE58 /* InstagramClone.app */,
			);
			name = Products;
			sourceTree = "<group>";
		};
		44415C1529BFEE8D0080BE58 /* InstagramClone */ = {
			isa = PBXGroup;
			children = (
				44415C2D29BFEF190080BE58 /* Resources */,
				44415C2C29BFEF050080BE58 /* Controllers */,
				44415C2B29BFEEFD0080BE58 /* Views */,
				44415C2A29BFEEF40080BE58 /* Models */,
				44415C2429BFEE8F0080BE58 /* Info.plist */,
			);
			path = InstagramClone;
			sourceTree = "<group>";
		};
		44415C2A29BFEEF40080BE58 /* Models */ = {
			isa = PBXGroup;
			children = (
			);
			path = Models;
			sourceTree = "<group>";
		};
		44415C2B29BFEEFD0080BE58 /* Views */ = {
			isa = PBXGroup;
			children = (
				44415C2E29BFEFAD0080BE58 /* Storyboard */,
				44415C1F29BFEE8F0080BE58 /* Assets.xcassets */,
			);
			path = Views;
			sourceTree = "<group>";
		};
		44415C2C29BFEF050080BE58 /* Controllers */ = {
			isa = PBXGroup;
			children = (
				44415C3B29BFF1A80080BE58 /* Other */,
				44415C3A29BFF1610080BE58 /* CoreTabs */,
			);
			path = Controllers;
			sourceTree = "<group>";
		};
		44415C2D29BFEF190080BE58 /* Resources */ = {
			isa = PBXGroup;
			children = (
				44415C1629BFEE8D0080BE58 /* AppDelegate.swift */,
				44415C1829BFEE8D0080BE58 /* SceneDelegate.swift */,
			);
			path = Resources;
			sourceTree = "<group>";
		};
		44415C2E29BFEFAD0080BE58 /* Storyboard */ = {
			isa = PBXGroup;
			children = (
				44415C1C29BFEE8D0080BE58 /* Main.storyboard */,
				44415C2129BFEE8F0080BE58 /* LaunchScreen.storyboard */,
			);
			path = Storyboard;
			sourceTree = "<group>";
		};
		44415C3A29BFF1610080BE58 /* CoreTabs */ = {
			isa = PBXGroup;
			children = (
				44415C1A29BFEE8D0080BE58 /* HomeViewController.swift */,
				44415C2F29BFF0570080BE58 /* ExploreViewController.swift */,
				44415C3329BFF0E80080BE58 /* CameraViewController.swift */,
				44415C3529BFF1170080BE58 /* NotificationViewController.swift */,
				44415C3729BFF13E0080BE58 /* ProfileViewController.swift */,
			);
			path = CoreTabs;
			sourceTree = "<group>";
		};
		44415C3B29BFF1A80080BE58 /* Other */ = {
			isa = PBXGroup;
			children = (
				44415C3C29BFF1B10080BE58 /* OnBoarding */,
				44415C4129BFF2310080BE58 /* PostViewController.swift */,
				44415C4329BFF2600080BE58 /* EditProfileViewController.swift */,
				44415C4529BFF26A0080BE58 /* ListViewController.swift */,
				44415C4729BFF2870080BE58 /* SearchViewController.swift */,
				44415C4929BFF29A0080BE58 /* SearchResultViewController.swift */,
				44415C4B29BFF2D80080BE58 /* PostEditorViewController.swift */,
				44415C4D29BFF2F40080BE58 /* PublishPostViewController.swift */,
			);
			path = Other;
			sourceTree = "<group>";
		};
		44415C3C29BFF1B10080BE58 /* OnBoarding */ = {
			isa = PBXGroup;
			children = (
				44415C3D29BFF1D70080BE58 /* LoginViewController.swift */,
				44415C3F29BFF1EC0080BE58 /* RegisterViewController.swift */,
			);
			path = OnBoarding;
			sourceTree = "<group>";
		};
/* End PBXGroup section */

/* Begin PBXNativeTarget section */
		44415C1229BFEE8D0080BE58 /* InstagramClone */ = {
			isa = PBXNativeTarget;
			buildConfigurationList = 44415C2729BFEE8F0080BE58 /* Build configuration list for PBXNativeTarget "InstagramClone" */;
			buildPhases = (
				44415C0F29BFEE8D0080BE58 /* Sources */,
				44415C1029BFEE8D0080BE58 /* Frameworks */,
				44415C1129BFEE8D0080BE58 /* Resources */,
			);
			buildRules = (
			);
			dependencies = (
			);
			name = InstagramClone;
			productName = InstagramClone;
			productReference = 44415C1329BFEE8D0080BE58 /* InstagramClone.app */;
			productType = "com.apple.product-type.application";
		};
/* End PBXNativeTarget section */

/* Begin PBXProject section */
		44415C0B29BFEE8D0080BE58 /* Project object */ = {
			isa = PBXProject;
			attributes = {
				BuildIndependentTargetsInParallel = 1;
				LastSwiftUpdateCheck = 1340;
				LastUpgradeCheck = 1340;
				TargetAttributes = {
					44415C1229BFEE8D0080BE58 = {
						CreatedOnToolsVersion = 13.4.1;
					};
				};
			};
			buildConfigurationList = 44415C0E29BFEE8D0080BE58 /* Build configuration list for PBXProject "InstagramClone" */;
			compatibilityVersion = "Xcode 13.0";
			developmentRegion = en;
			hasScannedForEncodings = 0;
			knownRegions = (
				en,
				Base,
			);
			mainGroup = 44415C0A29BFEE8D0080BE58;
			productRefGroup = 44415C1429BFEE8D0080BE58 /* Products */;
			projectDirPath = "";
			projectRoot = "";
			targets = (
				44415C1229BFEE8D0080BE58 /* InstagramClone */,
			);
		};
/* End PBXProject section */

/* Begin PBXResourcesBuildPhase section */
		44415C1129BFEE8D0080BE58 /* Resources */ = {
			isa = PBXResourcesBuildPhase;
			buildActionMask = 2147483647;
			files = (
				44415C2329BFEE8F0080BE58 /* LaunchScreen.storyboard in Resources */,
				44415C2029BFEE8F0080BE58 /* Assets.xcassets in Resources */,
				44415C1E29BFEE8D0080BE58 /* Main.storyboard in Resources */,
			);
			runOnlyForDeploymentPostprocessing = 0;
		};
/* End PBXResourcesBuildPhase section */

/* Begin PBXSourcesBuildPhase section */
		44415C0F29BFEE8D0080BE58 /* Sources */ = {
			isa = PBXSourcesBuildPhase;
			buildActionMask = 2147483647;
			files = (
				44415C4429BFF2600080BE58 /* EditProfileViewController.swift in Sources */,
				44415C4029BFF1EC0080BE58 /* RegisterViewController.swift in Sources */,
				44415C4629BFF26A0080BE58 /* ListViewController.swift in Sources */,
				44415C3029BFF0570080BE58 /* ExploreViewController.swift in Sources */,
				44415C1B29BFEE8D0080BE58 /* HomeViewController.swift in Sources */,
				44415C3629BFF1170080BE58 /* NotificationViewController.swift in Sources */,
				44415C4E29BFF2F40080BE58 /* PublishPostViewController.swift in Sources */,
				44415C4229BFF2310080BE58 /* PostViewController.swift in Sources */,
				44415C1729BFEE8D0080BE58 /* AppDelegate.swift in Sources */,
				44415C4A29BFF29A0080BE58 /* SearchResultViewController.swift in Sources */,
				44415C4829BFF2870080BE58 /* SearchViewController.swift in Sources */,
				44415C3E29BFF1D70080BE58 /* LoginViewController.swift in Sources */,
				44415C4C29BFF2D80080BE58 /* PostEditorViewController.swift in Sources */,
				44415C3829BFF13E0080BE58 /* ProfileViewController.swift in Sources */,
				44415C1929BFEE8D0080BE58 /* SceneDelegate.swift in Sources */,
				44415C3429BFF0E80080BE58 /* CameraViewController.swift in Sources */,
			);
			runOnlyForDeploymentPostprocessing = 0;
		};
/* End PBXSourcesBuildPhase section */

/* Begin PBXVariantGroup section */
		44415C1C29BFEE8D0080BE58 /* Main.storyboard */ = {
			isa = PBXVariantGroup;
			children = (
				44415C1D29BFEE8D0080BE58 /* Base */,
			);
			name = Main.storyboard;
			sourceTree = "<group>";
		};
		44415C2129BFEE8F0080BE58 /* LaunchScreen.storyboard */ = {
			isa = PBXVariantGroup;
			children = (
				44415C2229BFEE8F0080BE58 /* Base */,
			);
			name = LaunchScreen.storyboard;
			sourceTree = "<group>";
		};
/* End PBXVariantGroup section */

/* Begin XCBuildConfiguration section */
		44415C2529BFEE8F0080BE58 /* Debug */ = {
			isa = XCBuildConfiguration;
			buildSettings = {
				ALWAYS_SEARCH_USER_PATHS = NO;
				CLANG_ANALYZER_NONNULL = YES;
				CLANG_ANALYZER_NUMBER_OBJECT_CONVERSION = YES_AGGRESSIVE;
				CLANG_CXX_LANGUAGE_STANDARD = "gnu++17";
				CLANG_ENABLE_MODULES = YES;
				CLANG_ENABLE_OBJC_ARC = YES;
				CLANG_ENABLE_OBJC_WEAK = YES;
				CLANG_WARN_BLOCK_CAPTURE_AUTORELEASING = YES;
				CLANG_WARN_BOOL_CONVERSION = YES;
				CLANG_WARN_COMMA = YES;
				CLANG_WARN_CONSTANT_CONVERSION = YES;
				CLANG_WARN_DEPRECATED_OBJC_IMPLEMENTATIONS = YES;
				CLANG_WARN_DIRECT_OBJC_ISA_USAGE = YES_ERROR;
				CLANG_WARN_DOCUMENTATION_COMMENTS = YES;
				CLANG_WARN_EMPTY_BODY = YES;
				CLANG_WARN_ENUM_CONVERSION = YES;
				CLANG_WARN_INFINITE_RECURSION = YES;
				CLANG_WARN_INT_CONVERSION = YES;
				CLANG_WARN_NON_LITERAL_NULL_CONVERSION = YES;
				CLANG_WARN_OBJC_IMPLICIT_RETAIN_SELF = YES;
				CLANG_WARN_OBJC_LITERAL_CONVERSION = YES;
				CLANG_WARN_OBJC_ROOT_CLASS = YES_ERROR;
				CLANG_WARN_QUOTED_INCLUDE_IN_FRAMEWORK_HEADER = YES;
				CLANG_WARN_RANGE_LOOP_ANALYSIS = YES;
				CLANG_WARN_STRICT_PROTOTYPES = YES;
				CLANG_WARN_SUSPICIOUS_MOVE = YES;
				CLANG_WARN_UNGUARDED_AVAILABILITY = YES_AGGRESSIVE;
				CLANG_WARN_UNREACHABLE_CODE = YES;
				CLANG_WARN__DUPLICATE_METHOD_MATCH = YES;
				COPY_PHASE_STRIP = NO;
				DEBUG_INFORMATION_FORMAT = dwarf;
				ENABLE_STRICT_OBJC_MSGSEND = YES;
				ENABLE_TESTABILITY = YES;
				GCC_C_LANGUAGE_STANDARD = gnu11;
				GCC_DYNAMIC_NO_PIC = NO;
				GCC_NO_COMMON_BLOCKS = YES;
				GCC_OPTIMIZATION_LEVEL = 0;
				GCC_PREPROCESSOR_DEFINITIONS = (
					"DEBUG=1",
					"$(inherited)",
				);
				GCC_WARN_64_TO_32_BIT_CONVERSION = YES;
				GCC_WARN_ABOUT_RETURN_TYPE = YES_ERROR;
				GCC_WARN_UNDECLARED_SELECTOR = YES;
				GCC_WARN_UNINITIALIZED_AUTOS = YES_AGGRESSIVE;
				GCC_WARN_UNUSED_FUNCTION = YES;
				GCC_WARN_UNUSED_VARIABLE = YES;
				IPHONEOS_DEPLOYMENT_TARGET = 15.5;
				MTL_ENABLE_DEBUG_INFO = INCLUDE_SOURCE;
				MTL_FAST_MATH = YES;
				ONLY_ACTIVE_ARCH = YES;
				SDKROOT = iphoneos;
				SWIFT_ACTIVE_COMPILATION_CONDITIONS = DEBUG;
				SWIFT_OPTIMIZATION_LEVEL = "-Onone";
			};
			name = Debug;
		};
		44415C2629BFEE8F0080BE58 /* Release */ = {
			isa = XCBuildConfiguration;
			buildSettings = {
				ALWAYS_SEARCH_USER_PATHS = NO;
				CLANG_ANALYZER_NONNULL = YES;
				CLANG_ANALYZER_NUMBER_OBJECT_CONVERSION = YES_AGGRESSIVE;
				CLANG_CXX_LANGUAGE_STANDARD = "gnu++17";
				CLANG_ENABLE_MODULES = YES;
				CLANG_ENABLE_OBJC_ARC = YES;
				CLANG_ENABLE_OBJC_WEAK = YES;
				CLANG_WARN_BLOCK_CAPTURE_AUTORELEASING = YES;
				CLANG_WARN_BOOL_CONVERSION = YES;
				CLANG_WARN_COMMA = YES;
				CLANG_WARN_CONSTANT_CONVERSION = YES;
				CLANG_WARN_DEPRECATED_OBJC_IMPLEMENTATIONS = YES;
				CLANG_WARN_DIRECT_OBJC_ISA_USAGE = YES_ERROR;
				CLANG_WARN_DOCUMENTATION_COMMENTS = YES;
				CLANG_WARN_EMPTY_BODY = YES;
				CLANG_WARN_ENUM_CONVERSION = YES;
				CLANG_WARN_INFINITE_RECURSION = YES;
				CLANG_WARN_INT_CONVERSION = YES;
				CLANG_WARN_NON_LITERAL_NULL_CONVERSION = YES;
				CLANG_WARN_OBJC_IMPLICIT_RETAIN_SELF = YES;
				CLANG_WARN_OBJC_LITERAL_CONVERSION = YES;
				CLANG_WARN_OBJC_ROOT_CLASS = YES_ERROR;
				CLANG_WARN_QUOTED_INCLUDE_IN_FRAMEWORK_HEADER = YES;
				CLANG_WARN_RANGE_LOOP_ANALYSIS = YES;
				CLANG_WARN_STRICT_PROTOTYPES = YES;
				CLANG_WARN_SUSPICIOUS_MOVE = YES;
				CLANG_WARN_UNGUARDED_AVAILABILITY = YES_AGGRESSIVE;
				CLANG_WARN_UNREACHABLE_CODE = YES;
				CLANG_WARN__DUPLICATE_METHOD_MATCH = YES;
				COPY_PHASE_STRIP = NO;
				DEBUG_INFORMATION_FORMAT = "dwarf-with-dsym";
				ENABLE_NS_ASSERTIONS = NO;
				ENABLE_STRICT_OBJC_MSGSEND = YES;
				GCC_C_LANGUAGE_STANDARD = gnu11;
				GCC_NO_COMMON_BLOCKS = YES;
				GCC_WARN_64_TO_32_BIT_CONVERSION = YES;
				GCC_WARN_ABOUT_RETURN_TYPE = YES_ERROR;
				GCC_WARN_UNDECLARED_SELECTOR = YES;
				GCC_WARN_UNINITIALIZED_AUTOS = YES_AGGRESSIVE;
				GCC_WARN_UNUSED_FUNCTION = YES;
				GCC_WARN_UNUSED_VARIABLE = YES;
				IPHONEOS_DEPLOYMENT_TARGET = 15.5;
				MTL_ENABLE_DEBUG_INFO = NO;
				MTL_FAST_MATH = YES;
				SDKROOT = iphoneos;
				SWIFT_COMPILATION_MODE = wholemodule;
				SWIFT_OPTIMIZATION_LEVEL = "-O";
				VALIDATE_PRODUCT = YES;
			};
			name = Release;
		};
		44415C2829BFEE8F0080BE58 /* Debug */ = {
			isa = XCBuildConfiguration;
			buildSettings = {
				ASSETCATALOG_COMPILER_APPICON_NAME = AppIcon;
				ASSETCATALOG_COMPILER_GLOBAL_ACCENT_COLOR_NAME = AccentColor;
				CODE_SIGN_STYLE = Automatic;
				CURRENT_PROJECT_VERSION = 1;
				GENERATE_INFOPLIST_FILE = YES;
				INFOPLIST_FILE = InstagramClone/Info.plist;
				INFOPLIST_KEY_UIApplicationSupportsIndirectInputEvents = YES;
				INFOPLIST_KEY_UILaunchStoryboardName = LaunchScreen;
				INFOPLIST_KEY_UIMainStoryboardFile = Main;
				INFOPLIST_KEY_UISupportedInterfaceOrientations_iPad = "UIInterfaceOrientationPortrait UIInterfaceOrientationPortraitUpsideDown UIInterfaceOrientationLandscapeLeft UIInterfaceOrientationLandscapeRight";
				INFOPLIST_KEY_UISupportedInterfaceOrientations_iPhone = "UIInterfaceOrientationPortrait UIInterfaceOrientationLandscapeLeft UIInterfaceOrientationLandscapeRight";
				LD_RUNPATH_SEARCH_PATHS = (
					"$(inherited)",
					"@executable_path/Frameworks",
				);
				MARKETING_VERSION = 1.0;
				PRODUCT_BUNDLE_IDENTIFIER = com.demo.demo.InstagramClone;
				PRODUCT_NAME = "$(TARGET_NAME)";
				SWIFT_EMIT_LOC_STRINGS = YES;
				SWIFT_VERSION = 5.0;
				TARGETED_DEVICE_FAMILY = "1,2";
			};
			name = Debug;
		};
		44415C2929BFEE8F0080BE58 /* Release */ = {
			isa = XCBuildConfiguration;
			buildSettings = {
				ASSETCATALOG_COMPILER_APPICON_NAME = AppIcon;
				ASSETCATALOG_COMPILER_GLOBAL_ACCENT_COLOR_NAME = AccentColor;
				CODE_SIGN_STYLE = Automatic;
				CURRENT_PROJECT_VERSION = 1;
				GENERATE_INFOPLIST_FILE = YES;
				INFOPLIST_FILE = InstagramClone/Info.plist;
				INFOPLIST_KEY_UIApplicationSupportsIndirectInputEvents = YES;
				INFOPLIST_KEY_UILaunchStoryboardName = LaunchScreen;
				INFOPLIST_KEY_UIMainStoryboardFile = Main;
				INFOPLIST_KEY_UISupportedInterfaceOrientations_iPad = "UIInterfaceOrientationPortrait UIInterfaceOrientationPortraitUpsideDown UIInterfaceOrientationLandscapeLeft UIInterfaceOrientationLandscapeRight";
				INFOPLIST_KEY_UISupportedInterfaceOrientations_iPhone = "UIInterfaceOrientationPortrait UIInterfaceOrientationLandscapeLeft UIInterfaceOrientationLandscapeRight";
				LD_RUNPATH_SEARCH_PATHS = (
					"$(inherited)",
					"@executable_path/Frameworks",
				);
				MARKETING_VERSION = 1.0;
				PRODUCT_BUNDLE_IDENTIFIER = com.demo.demo.InstagramClone;
				PRODUCT_NAME = "$(TARGET_NAME)";
				SWIFT_EMIT_LOC_STRINGS = YES;
				SWIFT_VERSION = 5.0;
				TARGETED_DEVICE_FAMILY = "1,2";
			};
			name = Release;
		};
/* End XCBuildConfiguration section */

/* Begin XCConfigurationList section */
		44415C0E29BFEE8D0080BE58 /* Build configuration list for PBXProject "InstagramClone" */ = {
			isa = XCConfigurationList;
			buildConfigurations = (
				44415C2529BFEE8F0080BE58 /* Debug */,
				44415C2629BFEE8F0080BE58 /* Release */,
			);
			defaultConfigurationIsVisible = 0;
			defaultConfigurationName = Release;
		};
		44415C2729BFEE8F0080BE58 /* Build configuration list for PBXNativeTarget "InstagramClone" */ = {
			isa = XCConfigurationList;
			buildConfigurations = (
				44415C2829BFEE8F0080BE58 /* Debug */,
				44415C2929BFEE8F0080BE58 /* Release */,
			);
			defaultConfigurationIsVisible = 0;
			defaultConfigurationName = Release;
		};
/* End XCConfigurationList section */
	};
	rootObject = 44415C0B29BFEE8D0080BE58 /* Project object */;
}
